// !$*UTF8*$!
{
	archiveVersion = 1;
	classes = {
	};
	objectVersion = 46;
	objects = {

/* Begin PBXBuildFile section */
		4B3C59748C36467A64E0D526 /* Pods_XCUITestKit_UITests.framework in Frameworks */ = {isa = PBXBuildFile; fileRef = E0E461CA568E3E83357595F5 /* Pods_XCUITestKit_UITests.framework */; };
		607FACD61AFB9204008FA782 /* AppDelegate.swift in Sources */ = {isa = PBXBuildFile; fileRef = 607FACD51AFB9204008FA782 /* AppDelegate.swift */; };
		607FACD81AFB9204008FA782 /* UIControlsViewController.swift in Sources */ = {isa = PBXBuildFile; fileRef = 607FACD71AFB9204008FA782 /* UIControlsViewController.swift */; };
		607FACDB1AFB9204008FA782 /* Main.storyboard in Resources */ = {isa = PBXBuildFile; fileRef = 607FACD91AFB9204008FA782 /* Main.storyboard */; };
		607FACDD1AFB9204008FA782 /* Images.xcassets in Resources */ = {isa = PBXBuildFile; fileRef = 607FACDC1AFB9204008FA782 /* Images.xcassets */; };
		607FACE01AFB9204008FA782 /* LaunchScreen.xib in Resources */ = {isa = PBXBuildFile; fileRef = 607FACDE1AFB9204008FA782 /* LaunchScreen.xib */; };
		660B631F24D449520097DF74 /* RemoteConfigViewController.swift in Sources */ = {isa = PBXBuildFile; fileRef = 660B631E24D449520097DF74 /* RemoteConfigViewController.swift */; };
		660B632124D44AF40097DF74 /* RemoteConfigUITests.swift in Sources */ = {isa = PBXBuildFile; fileRef = 660B632024D44AF40097DF74 /* RemoteConfigUITests.swift */; };
		666CEA9724CEF0A600D1ADEC /* LoadUITests.swift in Sources */ = {isa = PBXBuildFile; fileRef = 666CEA9624CEF0A600D1ADEC /* LoadUITests.swift */; };
		66CD880424B4BF6200FDA672 /* MonthCollectionCell.swift in Sources */ = {isa = PBXBuildFile; fileRef = 66CD87FF24B4BF6200FDA672 /* MonthCollectionCell.swift */; };
		66CD880524B4BF6200FDA672 /* ScrollableViewController.swift in Sources */ = {isa = PBXBuildFile; fileRef = 66CD880024B4BF6200FDA672 /* ScrollableViewController.swift */; };
		66CD880624B4BF6200FDA672 /* CollectionViewDataSourceDelegate.swift in Sources */ = {isa = PBXBuildFile; fileRef = 66CD880124B4BF6200FDA672 /* CollectionViewDataSourceDelegate.swift */; };
		66CD880724B4BF6200FDA672 /* ThirtyDayCell.swift in Sources */ = {isa = PBXBuildFile; fileRef = 66CD880224B4BF6200FDA672 /* ThirtyDayCell.swift */; };
		66CD880824B4BF6200FDA672 /* TableViewDataSourceDelegate.swift in Sources */ = {isa = PBXBuildFile; fileRef = 66CD880324B4BF6200FDA672 /* TableViewDataSourceDelegate.swift */; };
		66CD880A24B4D27800FDA672 /* AppEntryViewController.swift in Sources */ = {isa = PBXBuildFile; fileRef = 66CD880924B4D27800FDA672 /* AppEntryViewController.swift */; };
		66CD8D5424B62C4B00FDA672 /* VerifyEmailUITests.swift in Sources */ = {isa = PBXBuildFile; fileRef = 66CD8D5324B62C4B00FDA672 /* VerifyEmailUITests.swift */; };
		66CD8D5624B633EF00FDA672 /* OtherUIControlsUITests.swift in Sources */ = {isa = PBXBuildFile; fileRef = 66CD8D5524B633EF00FDA672 /* OtherUIControlsUITests.swift */; };
		BBF12640BF3A081682DA5036 /* Pods_XCUITestKit_Example.framework in Frameworks */ = {isa = PBXBuildFile; fileRef = EF43153B52003D235792A9D5 /* Pods_XCUITestKit_Example.framework */; };
/* End PBXBuildFile section */

/* Begin PBXContainerItemProxy section */
		66CD87F924B492D900FDA672 /* PBXContainerItemProxy */ = {
			isa = PBXContainerItemProxy;
			containerPortal = 607FACC81AFB9204008FA782 /* Project object */;
			proxyType = 1;
			remoteGlobalIDString = 607FACCF1AFB9204008FA782;
			remoteInfo = XCUITestKit_Example;
		};
/* End PBXContainerItemProxy section */

/* Begin PBXFileReference section */
		1A46095456224C8BD177A726 /* Pods-XCUITestKit_UITests.release.xcconfig */ = {isa = PBXFileReference; includeInIndex = 1; lastKnownFileType = text.xcconfig; name = "Pods-XCUITestKit_UITests.release.xcconfig"; path = "Target Support Files/Pods-XCUITestKit_UITests/Pods-XCUITestKit_UITests.release.xcconfig"; sourceTree = "<group>"; };
		5005EFDE61846E8DEC06A924 /* README.md */ = {isa = PBXFileReference; includeInIndex = 1; lastKnownFileType = net.daringfireball.markdown; name = README.md; path = ../README.md; sourceTree = "<group>"; };
		607FACD01AFB9204008FA782 /* XCUITestKit_Example.app */ = {isa = PBXFileReference; explicitFileType = wrapper.application; includeInIndex = 0; path = XCUITestKit_Example.app; sourceTree = BUILT_PRODUCTS_DIR; };
		607FACD41AFB9204008FA782 /* Info.plist */ = {isa = PBXFileReference; lastKnownFileType = text.plist.xml; path = Info.plist; sourceTree = "<group>"; };
		607FACD51AFB9204008FA782 /* AppDelegate.swift */ = {isa = PBXFileReference; lastKnownFileType = sourcecode.swift; path = AppDelegate.swift; sourceTree = "<group>"; };
		607FACD71AFB9204008FA782 /* UIControlsViewController.swift */ = {isa = PBXFileReference; lastKnownFileType = sourcecode.swift; path = UIControlsViewController.swift; sourceTree = "<group>"; };
		607FACDA1AFB9204008FA782 /* Base */ = {isa = PBXFileReference; lastKnownFileType = file.storyboard; name = Base; path = Base.lproj/Main.storyboard; sourceTree = "<group>"; };
		607FACDC1AFB9204008FA782 /* Images.xcassets */ = {isa = PBXFileReference; lastKnownFileType = folder.assetcatalog; path = Images.xcassets; sourceTree = "<group>"; };
		607FACDF1AFB9204008FA782 /* Base */ = {isa = PBXFileReference; lastKnownFileType = file.xib; name = Base; path = Base.lproj/LaunchScreen.xib; sourceTree = "<group>"; };
		660B631E24D449520097DF74 /* RemoteConfigViewController.swift */ = {isa = PBXFileReference; lastKnownFileType = sourcecode.swift; path = RemoteConfigViewController.swift; sourceTree = "<group>"; };
		660B632024D44AF40097DF74 /* RemoteConfigUITests.swift */ = {isa = PBXFileReference; lastKnownFileType = sourcecode.swift; path = RemoteConfigUITests.swift; sourceTree = "<group>"; };
		666CEA9624CEF0A600D1ADEC /* LoadUITests.swift */ = {isa = PBXFileReference; lastKnownFileType = sourcecode.swift; path = LoadUITests.swift; sourceTree = "<group>"; };
		66CD87F424B492D900FDA672 /* XCUITestKit_UITests.xctest */ = {isa = PBXFileReference; explicitFileType = wrapper.cfbundle; includeInIndex = 0; path = XCUITestKit_UITests.xctest; sourceTree = BUILT_PRODUCTS_DIR; };
		66CD87F824B492D900FDA672 /* Info.plist */ = {isa = PBXFileReference; lastKnownFileType = text.plist.xml; path = Info.plist; sourceTree = "<group>"; };
		66CD87FF24B4BF6200FDA672 /* MonthCollectionCell.swift */ = {isa = PBXFileReference; fileEncoding = 4; lastKnownFileType = sourcecode.swift; path = MonthCollectionCell.swift; sourceTree = "<group>"; };
		66CD880024B4BF6200FDA672 /* ScrollableViewController.swift */ = {isa = PBXFileReference; fileEncoding = 4; lastKnownFileType = sourcecode.swift; path = ScrollableViewController.swift; sourceTree = "<group>"; };
		66CD880124B4BF6200FDA672 /* CollectionViewDataSourceDelegate.swift */ = {isa = PBXFileReference; fileEncoding = 4; lastKnownFileType = sourcecode.swift; path = CollectionViewDataSourceDelegate.swift; sourceTree = "<group>"; };
		66CD880224B4BF6200FDA672 /* ThirtyDayCell.swift */ = {isa = PBXFileReference; fileEncoding = 4; lastKnownFileType = sourcecode.swift; path = ThirtyDayCell.swift; sourceTree = "<group>"; };
		66CD880324B4BF6200FDA672 /* TableViewDataSourceDelegate.swift */ = {isa = PBXFileReference; fileEncoding = 4; lastKnownFileType = sourcecode.swift; path = TableViewDataSourceDelegate.swift; sourceTree = "<group>"; };
		66CD880924B4D27800FDA672 /* AppEntryViewController.swift */ = {isa = PBXFileReference; lastKnownFileType = sourcecode.swift; path = AppEntryViewController.swift; sourceTree = "<group>"; };
		66CD8D5324B62C4B00FDA672 /* VerifyEmailUITests.swift */ = {isa = PBXFileReference; lastKnownFileType = sourcecode.swift; path = VerifyEmailUITests.swift; sourceTree = "<group>"; };
		66CD8D5524B633EF00FDA672 /* OtherUIControlsUITests.swift */ = {isa = PBXFileReference; lastKnownFileType = sourcecode.swift; path = OtherUIControlsUITests.swift; sourceTree = "<group>"; };
		7E5FA16A9BDE840F9CD6441E /* Pods-XCUITestKit_UITests.debug.xcconfig */ = {isa = PBXFileReference; includeInIndex = 1; lastKnownFileType = text.xcconfig; name = "Pods-XCUITestKit_UITests.debug.xcconfig"; path = "Target Support Files/Pods-XCUITestKit_UITests/Pods-XCUITestKit_UITests.debug.xcconfig"; sourceTree = "<group>"; };
		82936DAAE3FAA308611E6D4B /* Pods-XCUITestKit_Example.debug.xcconfig */ = {isa = PBXFileReference; includeInIndex = 1; lastKnownFileType = text.xcconfig; name = "Pods-XCUITestKit_Example.debug.xcconfig"; path = "Target Support Files/Pods-XCUITestKit_Example/Pods-XCUITestKit_Example.debug.xcconfig"; sourceTree = "<group>"; };
		99D654D94111D29458F989EB /* LICENSE */ = {isa = PBXFileReference; includeInIndex = 1; lastKnownFileType = text; name = LICENSE; path = ../LICENSE; sourceTree = "<group>"; };
		BDF88253929017118094B1EA /* Pods-XCUITestKit_Example-XCUITestKit_UITests.debug.xcconfig */ = {isa = PBXFileReference; includeInIndex = 1; lastKnownFileType = text.xcconfig; name = "Pods-XCUITestKit_Example-XCUITestKit_UITests.debug.xcconfig"; path = "Target Support Files/Pods-XCUITestKit_Example-XCUITestKit_UITests/Pods-XCUITestKit_Example-XCUITestKit_UITests.debug.xcconfig"; sourceTree = "<group>"; };
		C26B33EEF1205ABF0CA2AD2A /* XCUITestKit.podspec */ = {isa = PBXFileReference; includeInIndex = 1; lastKnownFileType = text; name = XCUITestKit.podspec; path = ../XCUITestKit.podspec; sourceTree = "<group>"; xcLanguageSpecificationIdentifier = xcode.lang.ruby; };
		C60EE4FD0A9D16F67D6E8294 /* Pods-XCUITestKit_Example.release.xcconfig */ = {isa = PBXFileReference; includeInIndex = 1; lastKnownFileType = text.xcconfig; name = "Pods-XCUITestKit_Example.release.xcconfig"; path = "Target Support Files/Pods-XCUITestKit_Example/Pods-XCUITestKit_Example.release.xcconfig"; sourceTree = "<group>"; };
		E0E461CA568E3E83357595F5 /* Pods_XCUITestKit_UITests.framework */ = {isa = PBXFileReference; explicitFileType = wrapper.framework; includeInIndex = 0; path = Pods_XCUITestKit_UITests.framework; sourceTree = BUILT_PRODUCTS_DIR; };
		EF43153B52003D235792A9D5 /* Pods_XCUITestKit_Example.framework */ = {isa = PBXFileReference; explicitFileType = wrapper.framework; includeInIndex = 0; path = Pods_XCUITestKit_Example.framework; sourceTree = BUILT_PRODUCTS_DIR; };
		FAFA3DB5CD3B8F4AD167F3C2 /* Pods-XCUITestKit_Example-XCUITestKit_UITests.release.xcconfig */ = {isa = PBXFileReference; includeInIndex = 1; lastKnownFileType = text.xcconfig; name = "Pods-XCUITestKit_Example-XCUITestKit_UITests.release.xcconfig"; path = "Target Support Files/Pods-XCUITestKit_Example-XCUITestKit_UITests/Pods-XCUITestKit_Example-XCUITestKit_UITests.release.xcconfig"; sourceTree = "<group>"; };
/* End PBXFileReference section */

/* Begin PBXFrameworksBuildPhase section */
		607FACCD1AFB9204008FA782 /* Frameworks */ = {
			isa = PBXFrameworksBuildPhase;
			buildActionMask = 2147483647;
			files = (
				BBF12640BF3A081682DA5036 /* Pods_XCUITestKit_Example.framework in Frameworks */,
			);
			runOnlyForDeploymentPostprocessing = 0;
		};
		66CD87F124B492D900FDA672 /* Frameworks */ = {
			isa = PBXFrameworksBuildPhase;
			buildActionMask = 2147483647;
			files = (
				4B3C59748C36467A64E0D526 /* Pods_XCUITestKit_UITests.framework in Frameworks */,
			);
			runOnlyForDeploymentPostprocessing = 0;
		};
/* End PBXFrameworksBuildPhase section */

/* Begin PBXGroup section */
		0C90977D51B7FCAE44F24F2B /* Frameworks */ = {
			isa = PBXGroup;
			children = (
				EF43153B52003D235792A9D5 /* Pods_XCUITestKit_Example.framework */,
				E0E461CA568E3E83357595F5 /* Pods_XCUITestKit_UITests.framework */,
			);
			name = Frameworks;
			sourceTree = "<group>";
		};
		607FACC71AFB9204008FA782 = {
			isa = PBXGroup;
			children = (
				607FACF51AFB993E008FA782 /* Podspec Metadata */,
				607FACD21AFB9204008FA782 /* Example */,
				66CD87F524B492D900FDA672 /* XCUITestKit_UITests */,
				607FACD11AFB9204008FA782 /* Products */,
				E6118312B0C3DADD46A8FE14 /* Pods */,
				0C90977D51B7FCAE44F24F2B /* Frameworks */,
			);
			sourceTree = "<group>";
		};
		607FACD11AFB9204008FA782 /* Products */ = {
			isa = PBXGroup;
			children = (
				607FACD01AFB9204008FA782 /* XCUITestKit_Example.app */,
				66CD87F424B492D900FDA672 /* XCUITestKit_UITests.xctest */,
			);
			name = Products;
			sourceTree = "<group>";
		};
		607FACD21AFB9204008FA782 /* Example */ = {
			isa = PBXGroup;
			children = (
				66CD87FE24B4BF6200FDA672 /* Scrollable */,
				607FACD51AFB9204008FA782 /* AppDelegate.swift */,
				607FACD71AFB9204008FA782 /* UIControlsViewController.swift */,
				607FACD91AFB9204008FA782 /* Main.storyboard */,
				607FACDC1AFB9204008FA782 /* Images.xcassets */,
				607FACDE1AFB9204008FA782 /* LaunchScreen.xib */,
				607FACD31AFB9204008FA782 /* Supporting Files */,
				66CD880924B4D27800FDA672 /* AppEntryViewController.swift */,
				660B631E24D449520097DF74 /* RemoteConfigViewController.swift */,
			);
			name = Example;
			path = XCUITestKit;
			sourceTree = "<group>";
		};
		607FACD31AFB9204008FA782 /* Supporting Files */ = {
			isa = PBXGroup;
			children = (
				607FACD41AFB9204008FA782 /* Info.plist */,
			);
			name = "Supporting Files";
			sourceTree = "<group>";
		};
		607FACF51AFB993E008FA782 /* Podspec Metadata */ = {
			isa = PBXGroup;
			children = (
				C26B33EEF1205ABF0CA2AD2A /* XCUITestKit.podspec */,
				5005EFDE61846E8DEC06A924 /* README.md */,
				99D654D94111D29458F989EB /* LICENSE */,
			);
			name = "Podspec Metadata";
			sourceTree = "<group>";
		};
		66CD87F524B492D900FDA672 /* XCUITestKit_UITests */ = {
			isa = PBXGroup;
			children = (
				66CD87F824B492D900FDA672 /* Info.plist */,
				66CD8D5324B62C4B00FDA672 /* VerifyEmailUITests.swift */,
				66CD8D5524B633EF00FDA672 /* OtherUIControlsUITests.swift */,
				666CEA9624CEF0A600D1ADEC /* LoadUITests.swift */,
				660B632024D44AF40097DF74 /* RemoteConfigUITests.swift */,
			);
			path = XCUITestKit_UITests;
			sourceTree = "<group>";
		};
		66CD87FE24B4BF6200FDA672 /* Scrollable */ = {
			isa = PBXGroup;
			children = (
				66CD87FF24B4BF6200FDA672 /* MonthCollectionCell.swift */,
				66CD880024B4BF6200FDA672 /* ScrollableViewController.swift */,
				66CD880124B4BF6200FDA672 /* CollectionViewDataSourceDelegate.swift */,
				66CD880224B4BF6200FDA672 /* ThirtyDayCell.swift */,
				66CD880324B4BF6200FDA672 /* TableViewDataSourceDelegate.swift */,
			);
			path = Scrollable;
			sourceTree = "<group>";
		};
		E6118312B0C3DADD46A8FE14 /* Pods */ = {
			isa = PBXGroup;
			children = (
				82936DAAE3FAA308611E6D4B /* Pods-XCUITestKit_Example.debug.xcconfig */,
				C60EE4FD0A9D16F67D6E8294 /* Pods-XCUITestKit_Example.release.xcconfig */,
				7E5FA16A9BDE840F9CD6441E /* Pods-XCUITestKit_UITests.debug.xcconfig */,
				1A46095456224C8BD177A726 /* Pods-XCUITestKit_UITests.release.xcconfig */,
				BDF88253929017118094B1EA /* Pods-XCUITestKit_Example-XCUITestKit_UITests.debug.xcconfig */,
				FAFA3DB5CD3B8F4AD167F3C2 /* Pods-XCUITestKit_Example-XCUITestKit_UITests.release.xcconfig */,
			);
			path = Pods;
			sourceTree = "<group>";
		};
/* End PBXGroup section */

/* Begin PBXNativeTarget section */
		607FACCF1AFB9204008FA782 /* XCUITestKit_Example */ = {
			isa = PBXNativeTarget;
			buildConfigurationList = 607FACEF1AFB9204008FA782 /* Build configuration list for PBXNativeTarget "XCUITestKit_Example" */;
			buildPhases = (
				376617F179B762B82F913516 /* [CP] Check Pods Manifest.lock */,
				607FACCC1AFB9204008FA782 /* Sources */,
				607FACCD1AFB9204008FA782 /* Frameworks */,
				607FACCE1AFB9204008FA782 /* Resources */,
				BD16704A303EA3FD739DD57A /* [CP] Embed Pods Frameworks */,
			);
			buildRules = (
			);
			dependencies = (
			);
			name = XCUITestKit_Example;
			productName = XCUITestKit;
			productReference = 607FACD01AFB9204008FA782 /* XCUITestKit_Example.app */;
			productType = "com.apple.product-type.application";
		};
		66CD87F324B492D900FDA672 /* XCUITestKit_UITests */ = {
			isa = PBXNativeTarget;
			buildConfigurationList = 66CD87FB24B492D900FDA672 /* Build configuration list for PBXNativeTarget "XCUITestKit_UITests" */;
			buildPhases = (
				C9DB69E7069D6667682A359F /* [CP] Check Pods Manifest.lock */,
				66CD87F024B492D900FDA672 /* Sources */,
				66CD87F124B492D900FDA672 /* Frameworks */,
				66CD87F224B492D900FDA672 /* Resources */,
				D469BCA3A9F575C28EDE6AFC /* [CP] Embed Pods Frameworks */,
			);
			buildRules = (
			);
			dependencies = (
				66CD87FA24B492D900FDA672 /* PBXTargetDependency */,
			);
			name = XCUITestKit_UITests;
			productName = XCUITestKit_UITests;
			productReference = 66CD87F424B492D900FDA672 /* XCUITestKit_UITests.xctest */;
			productType = "com.apple.product-type.bundle.ui-testing";
		};
/* End PBXNativeTarget section */

/* Begin PBXProject section */
		607FACC81AFB9204008FA782 /* Project object */ = {
			isa = PBXProject;
			attributes = {
				LastSwiftUpdateCheck = 1150;
				LastUpgradeCheck = 0830;
				ORGANIZATIONNAME = CocoaPods;
				TargetAttributes = {
					607FACCF1AFB9204008FA782 = {
						CreatedOnToolsVersion = 6.3.1;
						LastSwiftMigration = 0900;
						ProvisioningStyle = Manual;
					};
					66CD87F324B492D900FDA672 = {
						CreatedOnToolsVersion = 11.5;
						ProvisioningStyle = Manual;
						TestTargetID = 607FACCF1AFB9204008FA782;
					};
				};
			};
			buildConfigurationList = 607FACCB1AFB9204008FA782 /* Build configuration list for PBXProject "XCUITestKit" */;
			compatibilityVersion = "Xcode 3.2";
			developmentRegion = English;
			hasScannedForEncodings = 0;
			knownRegions = (
				English,
				en,
				Base,
			);
			mainGroup = 607FACC71AFB9204008FA782;
			productRefGroup = 607FACD11AFB9204008FA782 /* Products */;
			projectDirPath = "";
			projectRoot = "";
			targets = (
				607FACCF1AFB9204008FA782 /* XCUITestKit_Example */,
				66CD87F324B492D900FDA672 /* XCUITestKit_UITests */,
			);
		};
/* End PBXProject section */

/* Begin PBXResourcesBuildPhase section */
		607FACCE1AFB9204008FA782 /* Resources */ = {
			isa = PBXResourcesBuildPhase;
			buildActionMask = 2147483647;
			files = (
				607FACDB1AFB9204008FA782 /* Main.storyboard in Resources */,
				607FACE01AFB9204008FA782 /* LaunchScreen.xib in Resources */,
				607FACDD1AFB9204008FA782 /* Images.xcassets in Resources */,
			);
			runOnlyForDeploymentPostprocessing = 0;
		};
		66CD87F224B492D900FDA672 /* Resources */ = {
			isa = PBXResourcesBuildPhase;
			buildActionMask = 2147483647;
			files = (
			);
			runOnlyForDeploymentPostprocessing = 0;
		};
/* End PBXResourcesBuildPhase section */

/* Begin PBXShellScriptBuildPhase section */
		376617F179B762B82F913516 /* [CP] Check Pods Manifest.lock */ = {
			isa = PBXShellScriptBuildPhase;
			buildActionMask = 2147483647;
			files = (
			);
			inputFileListPaths = (
			);
			inputPaths = (
				"${PODS_PODFILE_DIR_PATH}/Podfile.lock",
				"${PODS_ROOT}/Manifest.lock",
			);
			name = "[CP] Check Pods Manifest.lock";
			outputFileListPaths = (
			);
			outputPaths = (
				"$(DERIVED_FILE_DIR)/Pods-XCUITestKit_Example-checkManifestLockResult.txt",
			);
			runOnlyForDeploymentPostprocessing = 0;
			shellPath = /bin/sh;
			shellScript = "diff \"${PODS_PODFILE_DIR_PATH}/Podfile.lock\" \"${PODS_ROOT}/Manifest.lock\" > /dev/null\nif [ $? != 0 ] ; then\n    # print error to STDERR\n    echo \"error: The sandbox is not in sync with the Podfile.lock. Run 'pod install' or update your CocoaPods installation.\" >&2\n    exit 1\nfi\n# This output is used by Xcode 'outputs' to avoid re-running this script phase.\necho \"SUCCESS\" > \"${SCRIPT_OUTPUT_FILE_0}\"\n";
			showEnvVarsInLog = 0;
		};
		BD16704A303EA3FD739DD57A /* [CP] Embed Pods Frameworks */ = {
			isa = PBXShellScriptBuildPhase;
			buildActionMask = 2147483647;
			files = (
			);
			inputPaths = (
				"${PODS_ROOT}/Target Support Files/Pods-XCUITestKit_Example/Pods-XCUITestKit_Example-frameworks.sh",
				"${BUILT_PRODUCTS_DIR}/CGRPCZlib/CGRPCZlib.framework",
				"${BUILT_PRODUCTS_DIR}/CNIOAtomics/CNIOAtomics.framework",
				"${BUILT_PRODUCTS_DIR}/CNIOBoringSSL/CNIOBoringSSL.framework",
				"${BUILT_PRODUCTS_DIR}/CNIOBoringSSLShims/CNIOBoringSSLShims.framework",
				"${BUILT_PRODUCTS_DIR}/CNIODarwin/CNIODarwin.framework",
				"${BUILT_PRODUCTS_DIR}/CNIOHTTPParser/CNIOHTTPParser.framework",
				"${BUILT_PRODUCTS_DIR}/CNIOLinux/CNIOLinux.framework",
				"${BUILT_PRODUCTS_DIR}/CNIOSHA1/CNIOSHA1.framework",
				"${BUILT_PRODUCTS_DIR}/Logging/Logging.framework",
				"${BUILT_PRODUCTS_DIR}/SwiftNIO/NIO.framework",
				"${BUILT_PRODUCTS_DIR}/SwiftNIOConcurrencyHelpers/NIOConcurrencyHelpers.framework",
				"${BUILT_PRODUCTS_DIR}/SwiftNIOFoundationCompat/NIOFoundationCompat.framework",
				"${BUILT_PRODUCTS_DIR}/SwiftNIOHPACK/NIOHPACK.framework",
				"${BUILT_PRODUCTS_DIR}/SwiftNIOHTTP1/NIOHTTP1.framework",
				"${BUILT_PRODUCTS_DIR}/SwiftNIOHTTP2/NIOHTTP2.framework",
				"${BUILT_PRODUCTS_DIR}/SwiftNIOSSL/NIOSSL.framework",
				"${BUILT_PRODUCTS_DIR}/SwiftNIOTLS/NIOTLS.framework",
				"${BUILT_PRODUCTS_DIR}/SwiftNIOTransportServices/NIOTransportServices.framework",
				"${BUILT_PRODUCTS_DIR}/SwiftProtobuf/SwiftProtobuf.framework",
				"${BUILT_PRODUCTS_DIR}/XCUITestKit/XCUITestKit.framework",
				"${BUILT_PRODUCTS_DIR}/gRPC-Swift/GRPC.framework",
			);
			name = "[CP] Embed Pods Frameworks";
			outputPaths = (
				"${TARGET_BUILD_DIR}/${FRAMEWORKS_FOLDER_PATH}/CGRPCZlib.framework",
				"${TARGET_BUILD_DIR}/${FRAMEWORKS_FOLDER_PATH}/CNIOAtomics.framework",
				"${TARGET_BUILD_DIR}/${FRAMEWORKS_FOLDER_PATH}/CNIOBoringSSL.framework",
				"${TARGET_BUILD_DIR}/${FRAMEWORKS_FOLDER_PATH}/CNIOBoringSSLShims.framework",
				"${TARGET_BUILD_DIR}/${FRAMEWORKS_FOLDER_PATH}/CNIODarwin.framework",
				"${TARGET_BUILD_DIR}/${FRAMEWORKS_FOLDER_PATH}/CNIOHTTPParser.framework",
				"${TARGET_BUILD_DIR}/${FRAMEWORKS_FOLDER_PATH}/CNIOLinux.framework",
				"${TARGET_BUILD_DIR}/${FRAMEWORKS_FOLDER_PATH}/CNIOSHA1.framework",
				"${TARGET_BUILD_DIR}/${FRAMEWORKS_FOLDER_PATH}/Logging.framework",
				"${TARGET_BUILD_DIR}/${FRAMEWORKS_FOLDER_PATH}/NIO.framework",
				"${TARGET_BUILD_DIR}/${FRAMEWORKS_FOLDER_PATH}/NIOConcurrencyHelpers.framework",
				"${TARGET_BUILD_DIR}/${FRAMEWORKS_FOLDER_PATH}/NIOFoundationCompat.framework",
				"${TARGET_BUILD_DIR}/${FRAMEWORKS_FOLDER_PATH}/NIOHPACK.framework",
				"${TARGET_BUILD_DIR}/${FRAMEWORKS_FOLDER_PATH}/NIOHTTP1.framework",
				"${TARGET_BUILD_DIR}/${FRAMEWORKS_FOLDER_PATH}/NIOHTTP2.framework",
				"${TARGET_BUILD_DIR}/${FRAMEWORKS_FOLDER_PATH}/NIOSSL.framework",
				"${TARGET_BUILD_DIR}/${FRAMEWORKS_FOLDER_PATH}/NIOTLS.framework",
				"${TARGET_BUILD_DIR}/${FRAMEWORKS_FOLDER_PATH}/NIOTransportServices.framework",
				"${TARGET_BUILD_DIR}/${FRAMEWORKS_FOLDER_PATH}/SwiftProtobuf.framework",
				"${TARGET_BUILD_DIR}/${FRAMEWORKS_FOLDER_PATH}/XCUITestKit.framework",
				"${TARGET_BUILD_DIR}/${FRAMEWORKS_FOLDER_PATH}/GRPC.framework",
			);
			runOnlyForDeploymentPostprocessing = 0;
			shellPath = /bin/sh;
			shellScript = "\"${PODS_ROOT}/Target Support Files/Pods-XCUITestKit_Example/Pods-XCUITestKit_Example-frameworks.sh\"\n";
			showEnvVarsInLog = 0;
		};
		C9DB69E7069D6667682A359F /* [CP] Check Pods Manifest.lock */ = {
			isa = PBXShellScriptBuildPhase;
			buildActionMask = 2147483647;
			files = (
			);
			inputFileListPaths = (
			);
			inputPaths = (
				"${PODS_PODFILE_DIR_PATH}/Podfile.lock",
				"${PODS_ROOT}/Manifest.lock",
			);
			name = "[CP] Check Pods Manifest.lock";
			outputFileListPaths = (
			);
			outputPaths = (
				"$(DERIVED_FILE_DIR)/Pods-XCUITestKit_UITests-checkManifestLockResult.txt",
			);
			runOnlyForDeploymentPostprocessing = 0;
			shellPath = /bin/sh;
			shellScript = "diff \"${PODS_PODFILE_DIR_PATH}/Podfile.lock\" \"${PODS_ROOT}/Manifest.lock\" > /dev/null\nif [ $? != 0 ] ; then\n    # print error to STDERR\n    echo \"error: The sandbox is not in sync with the Podfile.lock. Run 'pod install' or update your CocoaPods installation.\" >&2\n    exit 1\nfi\n# This output is used by Xcode 'outputs' to avoid re-running this script phase.\necho \"SUCCESS\" > \"${SCRIPT_OUTPUT_FILE_0}\"\n";
			showEnvVarsInLog = 0;
		};
		D469BCA3A9F575C28EDE6AFC /* [CP] Embed Pods Frameworks */ = {
			isa = PBXShellScriptBuildPhase;
			buildActionMask = 2147483647;
			files = (
			);
			inputPaths = (
				"${PODS_ROOT}/Target Support Files/Pods-XCUITestKit_UITests/Pods-XCUITestKit_UITests-frameworks.sh",
				"${BUILT_PRODUCTS_DIR}/CGRPCZlib/CGRPCZlib.framework",
				"${BUILT_PRODUCTS_DIR}/CNIOAtomics/CNIOAtomics.framework",
				"${BUILT_PRODUCTS_DIR}/CNIOBoringSSL/CNIOBoringSSL.framework",
				"${BUILT_PRODUCTS_DIR}/CNIOBoringSSLShims/CNIOBoringSSLShims.framework",
				"${BUILT_PRODUCTS_DIR}/CNIODarwin/CNIODarwin.framework",
				"${BUILT_PRODUCTS_DIR}/CNIOHTTPParser/CNIOHTTPParser.framework",
				"${BUILT_PRODUCTS_DIR}/CNIOLinux/CNIOLinux.framework",
				"${BUILT_PRODUCTS_DIR}/CNIOSHA1/CNIOSHA1.framework",
				"${BUILT_PRODUCTS_DIR}/Logging/Logging.framework",
				"${BUILT_PRODUCTS_DIR}/SwiftNIO/NIO.framework",
				"${BUILT_PRODUCTS_DIR}/SwiftNIOConcurrencyHelpers/NIOConcurrencyHelpers.framework",
				"${BUILT_PRODUCTS_DIR}/SwiftNIOFoundationCompat/NIOFoundationCompat.framework",
				"${BUILT_PRODUCTS_DIR}/SwiftNIOHPACK/NIOHPACK.framework",
				"${BUILT_PRODUCTS_DIR}/SwiftNIOHTTP1/NIOHTTP1.framework",
				"${BUILT_PRODUCTS_DIR}/SwiftNIOHTTP2/NIOHTTP2.framework",
				"${BUILT_PRODUCTS_DIR}/SwiftNIOSSL/NIOSSL.framework",
				"${BUILT_PRODUCTS_DIR}/SwiftNIOTLS/NIOTLS.framework",
				"${BUILT_PRODUCTS_DIR}/SwiftNIOTransportServices/NIOTransportServices.framework",
				"${BUILT_PRODUCTS_DIR}/SwiftProtobuf/SwiftProtobuf.framework",
				"${BUILT_PRODUCTS_DIR}/XCUITestKit/XCUITestKit.framework",
				"${BUILT_PRODUCTS_DIR}/gRPC-Swift/GRPC.framework",
			);
			name = "[CP] Embed Pods Frameworks";
			outputPaths = (
				"${TARGET_BUILD_DIR}/${FRAMEWORKS_FOLDER_PATH}/CGRPCZlib.framework",
				"${TARGET_BUILD_DIR}/${FRAMEWORKS_FOLDER_PATH}/CNIOAtomics.framework",
				"${TARGET_BUILD_DIR}/${FRAMEWORKS_FOLDER_PATH}/CNIOBoringSSL.framework",
				"${TARGET_BUILD_DIR}/${FRAMEWORKS_FOLDER_PATH}/CNIOBoringSSLShims.framework",
				"${TARGET_BUILD_DIR}/${FRAMEWORKS_FOLDER_PATH}/CNIODarwin.framework",
				"${TARGET_BUILD_DIR}/${FRAMEWORKS_FOLDER_PATH}/CNIOHTTPParser.framework",
				"${TARGET_BUILD_DIR}/${FRAMEWORKS_FOLDER_PATH}/CNIOLinux.framework",
				"${TARGET_BUILD_DIR}/${FRAMEWORKS_FOLDER_PATH}/CNIOSHA1.framework",
				"${TARGET_BUILD_DIR}/${FRAMEWORKS_FOLDER_PATH}/Logging.framework",
				"${TARGET_BUILD_DIR}/${FRAMEWORKS_FOLDER_PATH}/NIO.framework",
				"${TARGET_BUILD_DIR}/${FRAMEWORKS_FOLDER_PATH}/NIOConcurrencyHelpers.framework",
				"${TARGET_BUILD_DIR}/${FRAMEWORKS_FOLDER_PATH}/NIOFoundationCompat.framework",
				"${TARGET_BUILD_DIR}/${FRAMEWORKS_FOLDER_PATH}/NIOHPACK.framework",
				"${TARGET_BUILD_DIR}/${FRAMEWORKS_FOLDER_PATH}/NIOHTTP1.framework",
				"${TARGET_BUILD_DIR}/${FRAMEWORKS_FOLDER_PATH}/NIOHTTP2.framework",
				"${TARGET_BUILD_DIR}/${FRAMEWORKS_FOLDER_PATH}/NIOSSL.framework",
				"${TARGET_BUILD_DIR}/${FRAMEWORKS_FOLDER_PATH}/NIOTLS.framework",
				"${TARGET_BUILD_DIR}/${FRAMEWORKS_FOLDER_PATH}/NIOTransportServices.framework",
				"${TARGET_BUILD_DIR}/${FRAMEWORKS_FOLDER_PATH}/SwiftProtobuf.framework",
				"${TARGET_BUILD_DIR}/${FRAMEWORKS_FOLDER_PATH}/XCUITestKit.framework",
				"${TARGET_BUILD_DIR}/${FRAMEWORKS_FOLDER_PATH}/GRPC.framework",
			);
			runOnlyForDeploymentPostprocessing = 0;
			shellPath = /bin/sh;
			shellScript = "\"${PODS_ROOT}/Target Support Files/Pods-XCUITestKit_UITests/Pods-XCUITestKit_UITests-frameworks.sh\"\n";
			showEnvVarsInLog = 0;
		};
/* End PBXShellScriptBuildPhase section */

/* Begin PBXSourcesBuildPhase section */
		607FACCC1AFB9204008FA782 /* Sources */ = {
			isa = PBXSourcesBuildPhase;
			buildActionMask = 2147483647;
			files = (
				66CD880424B4BF6200FDA672 /* MonthCollectionCell.swift in Sources */,
				66CD880A24B4D27800FDA672 /* AppEntryViewController.swift in Sources */,
				66CD880624B4BF6200FDA672 /* CollectionViewDataSourceDelegate.swift in Sources */,
				607FACD81AFB9204008FA782 /* UIControlsViewController.swift in Sources */,
				660B631F24D449520097DF74 /* RemoteConfigViewController.swift in Sources */,
				607FACD61AFB9204008FA782 /* AppDelegate.swift in Sources */,
				66CD880824B4BF6200FDA672 /* TableViewDataSourceDelegate.swift in Sources */,
				66CD880724B4BF6200FDA672 /* ThirtyDayCell.swift in Sources */,
				66CD880524B4BF6200FDA672 /* ScrollableViewController.swift in Sources */,
			);
			runOnlyForDeploymentPostprocessing = 0;
		};
		66CD87F024B492D900FDA672 /* Sources */ = {
			isa = PBXSourcesBuildPhase;
			buildActionMask = 2147483647;
			files = (
				666CEA9724CEF0A600D1ADEC /* LoadUITests.swift in Sources */,
				66CD8D5624B633EF00FDA672 /* OtherUIControlsUITests.swift in Sources */,
				66CD8D5424B62C4B00FDA672 /* VerifyEmailUITests.swift in Sources */,
				660B632124D44AF40097DF74 /* RemoteConfigUITests.swift in Sources */,
			);
			runOnlyForDeploymentPostprocessing = 0;
		};
/* End PBXSourcesBuildPhase section */

/* Begin PBXTargetDependency section */
		66CD87FA24B492D900FDA672 /* PBXTargetDependency */ = {
			isa = PBXTargetDependency;
			target = 607FACCF1AFB9204008FA782 /* XCUITestKit_Example */;
			targetProxy = 66CD87F924B492D900FDA672 /* PBXContainerItemProxy */;
		};
/* End PBXTargetDependency section */

/* Begin PBXVariantGroup section */
		607FACD91AFB9204008FA782 /* Main.storyboard */ = {
			isa = PBXVariantGroup;
			children = (
				607FACDA1AFB9204008FA782 /* Base */,
			);
			name = Main.storyboard;
			sourceTree = "<group>";
		};
		607FACDE1AFB9204008FA782 /* LaunchScreen.xib */ = {
			isa = PBXVariantGroup;
			children = (
				607FACDF1AFB9204008FA782 /* Base */,
			);
			name = LaunchScreen.xib;
			sourceTree = "<group>";
		};
/* End PBXVariantGroup section */

/* Begin XCBuildConfiguration section */
		607FACED1AFB9204008FA782 /* Debug */ = {
			isa = XCBuildConfiguration;
			buildSettings = {
				ALWAYS_SEARCH_USER_PATHS = NO;
				CLANG_CXX_LANGUAGE_STANDARD = "gnu++0x";
				CLANG_CXX_LIBRARY = "libc++";
				CLANG_ENABLE_MODULES = YES;
				CLANG_ENABLE_OBJC_ARC = YES;
				CLANG_WARN_BLOCK_CAPTURE_AUTORELEASING = YES;
				CLANG_WARN_BOOL_CONVERSION = YES;
				CLANG_WARN_COMMA = YES;
				CLANG_WARN_CONSTANT_CONVERSION = YES;
				CLANG_WARN_DIRECT_OBJC_ISA_USAGE = YES_ERROR;
				CLANG_WARN_EMPTY_BODY = YES;
				CLANG_WARN_ENUM_CONVERSION = YES;
				CLANG_WARN_INFINITE_RECURSION = YES;
				CLANG_WARN_INT_CONVERSION = YES;
				CLANG_WARN_NON_LITERAL_NULL_CONVERSION = YES;
				CLANG_WARN_OBJC_LITERAL_CONVERSION = YES;
				CLANG_WARN_OBJC_ROOT_CLASS = YES_ERROR;
				CLANG_WARN_RANGE_LOOP_ANALYSIS = YES;
				CLANG_WARN_STRICT_PROTOTYPES = YES;
				CLANG_WARN_SUSPICIOUS_MOVE = YES;
				CLANG_WARN_UNREACHABLE_CODE = YES;
				CLANG_WARN__DUPLICATE_METHOD_MATCH = YES;
				"CODE_SIGN_IDENTITY[sdk=iphoneos*]" = "iPhone Developer";
				COPY_PHASE_STRIP = NO;
				DEBUG_INFORMATION_FORMAT = "dwarf-with-dsym";
				ENABLE_STRICT_OBJC_MSGSEND = YES;
				ENABLE_TESTABILITY = YES;
				GCC_C_LANGUAGE_STANDARD = gnu99;
				GCC_DYNAMIC_NO_PIC = NO;
				GCC_NO_COMMON_BLOCKS = YES;
				GCC_OPTIMIZATION_LEVEL = 0;
				GCC_PREPROCESSOR_DEFINITIONS = (
					"DEBUG=1",
					"$(inherited)",
				);
				GCC_SYMBOLS_PRIVATE_EXTERN = NO;
				GCC_WARN_64_TO_32_BIT_CONVERSION = YES;
				GCC_WARN_ABOUT_RETURN_TYPE = YES_ERROR;
				GCC_WARN_UNDECLARED_SELECTOR = YES;
				GCC_WARN_UNINITIALIZED_AUTOS = YES_AGGRESSIVE;
				GCC_WARN_UNUSED_FUNCTION = YES;
				GCC_WARN_UNUSED_VARIABLE = YES;
				IPHONEOS_DEPLOYMENT_TARGET = 12.0;
				MTL_ENABLE_DEBUG_INFO = YES;
				ONLY_ACTIVE_ARCH = YES;
				SDKROOT = iphoneos;
				SWIFT_OPTIMIZATION_LEVEL = "-Onone";
			};
			name = Debug;
		};
		607FACEE1AFB9204008FA782 /* Release */ = {
			isa = XCBuildConfiguration;
			buildSettings = {
				ALWAYS_SEARCH_USER_PATHS = NO;
				CLANG_CXX_LANGUAGE_STANDARD = "gnu++0x";
				CLANG_CXX_LIBRARY = "libc++";
				CLANG_ENABLE_MODULES = YES;
				CLANG_ENABLE_OBJC_ARC = YES;
				CLANG_WARN_BLOCK_CAPTURE_AUTORELEASING = YES;
				CLANG_WARN_BOOL_CONVERSION = YES;
				CLANG_WARN_COMMA = YES;
				CLANG_WARN_CONSTANT_CONVERSION = YES;
				CLANG_WARN_DIRECT_OBJC_ISA_USAGE = YES_ERROR;
				CLANG_WARN_EMPTY_BODY = YES;
				CLANG_WARN_ENUM_CONVERSION = YES;
				CLANG_WARN_INFINITE_RECURSION = YES;
				CLANG_WARN_INT_CONVERSION = YES;
				CLANG_WARN_NON_LITERAL_NULL_CONVERSION = YES;
				CLANG_WARN_OBJC_LITERAL_CONVERSION = YES;
				CLANG_WARN_OBJC_ROOT_CLASS = YES_ERROR;
				CLANG_WARN_RANGE_LOOP_ANALYSIS = YES;
				CLANG_WARN_STRICT_PROTOTYPES = YES;
				CLANG_WARN_SUSPICIOUS_MOVE = YES;
				CLANG_WARN_UNREACHABLE_CODE = YES;
				CLANG_WARN__DUPLICATE_METHOD_MATCH = YES;
				"CODE_SIGN_IDENTITY[sdk=iphoneos*]" = "iPhone Developer";
				COPY_PHASE_STRIP = NO;
				DEBUG_INFORMATION_FORMAT = "dwarf-with-dsym";
				ENABLE_NS_ASSERTIONS = NO;
				ENABLE_STRICT_OBJC_MSGSEND = YES;
				GCC_C_LANGUAGE_STANDARD = gnu99;
				GCC_NO_COMMON_BLOCKS = YES;
				GCC_WARN_64_TO_32_BIT_CONVERSION = YES;
				GCC_WARN_ABOUT_RETURN_TYPE = YES_ERROR;
				GCC_WARN_UNDECLARED_SELECTOR = YES;
				GCC_WARN_UNINITIALIZED_AUTOS = YES_AGGRESSIVE;
				GCC_WARN_UNUSED_FUNCTION = YES;
				GCC_WARN_UNUSED_VARIABLE = YES;
				IPHONEOS_DEPLOYMENT_TARGET = 12.0;
				MTL_ENABLE_DEBUG_INFO = NO;
				SDKROOT = iphoneos;
				SWIFT_OPTIMIZATION_LEVEL = "-Owholemodule";
				VALIDATE_PRODUCT = YES;
			};
			name = Release;
		};
		607FACF01AFB9204008FA782 /* Debug */ = {
			isa = XCBuildConfiguration;
			baseConfigurationReference = 82936DAAE3FAA308611E6D4B /* Pods-XCUITestKit_Example.debug.xcconfig */;
			buildSettings = {
				ASSETCATALOG_COMPILER_APPICON_NAME = AppIcon;
				CODE_SIGN_STYLE = Manual;
				DEVELOPMENT_TEAM = "";
				INFOPLIST_FILE = XCUITestKit/Info.plist;
				LD_RUNPATH_SEARCH_PATHS = "$(inherited) @executable_path/Frameworks";
				MODULE_NAME = ExampleApp;
				PRODUCT_BUNDLE_IDENTIFIER = "com.kinwahlai.XCUITestKit-Example";
				PRODUCT_NAME = "$(TARGET_NAME)";
				PROVISIONING_PROFILE_SPECIFIER = "";
				SWIFT_SWIFT3_OBJC_INFERENCE = Default;
				SWIFT_VERSION = 4.0;
			};
			name = Debug;
		};
		607FACF11AFB9204008FA782 /* Release */ = {
			isa = XCBuildConfiguration;
			baseConfigurationReference = C60EE4FD0A9D16F67D6E8294 /* Pods-XCUITestKit_Example.release.xcconfig */;
			buildSettings = {
				ASSETCATALOG_COMPILER_APPICON_NAME = AppIcon;
				CODE_SIGN_STYLE = Manual;
				DEVELOPMENT_TEAM = "";
				INFOPLIST_FILE = XCUITestKit/Info.plist;
				LD_RUNPATH_SEARCH_PATHS = "$(inherited) @executable_path/Frameworks";
				MODULE_NAME = ExampleApp;
				PRODUCT_BUNDLE_IDENTIFIER = "com.kinwahlai.XCUITestKit-Example";
				PRODUCT_NAME = "$(TARGET_NAME)";
				PROVISIONING_PROFILE_SPECIFIER = "";
				SWIFT_SWIFT3_OBJC_INFERENCE = Default;
				SWIFT_VERSION = 4.0;
			};
			name = Release;
		};
		66CD87FC24B492D900FDA672 /* Debug */ = {
			isa = XCBuildConfiguration;
			baseConfigurationReference = 7E5FA16A9BDE840F9CD6441E /* Pods-XCUITestKit_UITests.debug.xcconfig */;
			buildSettings = {
				CLANG_ANALYZER_NONNULL = YES;
				CLANG_ANALYZER_NUMBER_OBJECT_CONVERSION = YES_AGGRESSIVE;
				CLANG_CXX_LANGUAGE_STANDARD = "gnu++14";
				CLANG_ENABLE_OBJC_WEAK = YES;
				CLANG_WARN_DEPRECATED_OBJC_IMPLEMENTATIONS = YES;
				CLANG_WARN_DOCUMENTATION_COMMENTS = YES;
				CLANG_WARN_OBJC_IMPLICIT_RETAIN_SELF = YES;
				CLANG_WARN_UNGUARDED_AVAILABILITY = YES_AGGRESSIVE;
				CODE_SIGN_STYLE = Manual;
				DEBUG_INFORMATION_FORMAT = dwarf;
				DEVELOPMENT_TEAM = "";
				GCC_C_LANGUAGE_STANDARD = gnu11;
				INFOPLIST_FILE = XCUITestKit_UITests/Info.plist;
				IPHONEOS_DEPLOYMENT_TARGET = 13.5;
				LD_RUNPATH_SEARCH_PATHS = "$(inherited) @executable_path/Frameworks @loader_path/Frameworks";
				MTL_ENABLE_DEBUG_INFO = INCLUDE_SOURCE;
				MTL_FAST_MATH = YES;
				PRODUCT_BUNDLE_IDENTIFIER = "com.kinwahlai.XCUITestKit-UITests";
				PRODUCT_NAME = "$(TARGET_NAME)";
				PROVISIONING_PROFILE_SPECIFIER = "";
				"PROVISIONING_PROFILE_SPECIFIER[sdk=macosx*]" = "";
				SWIFT_ACTIVE_COMPILATION_CONDITIONS = DEBUG;
				SWIFT_VERSION = 5.0;
				TARGETED_DEVICE_FAMILY = "1,2";
				TEST_TARGET_NAME = XCUITestKit_Example;
			};
			name = Debug;
		};
		66CD87FD24B492D900FDA672 /* Release */ = {
			isa = XCBuildConfiguration;
			baseConfigurationReference = 1A46095456224C8BD177A726 /* Pods-XCUITestKit_UITests.release.xcconfig */;
			buildSettings = {
				CLANG_ANALYZER_NONNULL = YES;
				CLANG_ANALYZER_NUMBER_OBJECT_CONVERSION = YES_AGGRESSIVE;
				CLANG_CXX_LANGUAGE_STANDARD = "gnu++14";
				CLANG_ENABLE_OBJC_WEAK = YES;
				CLANG_WARN_DEPRECATED_OBJC_IMPLEMENTATIONS = YES;
				CLANG_WARN_DOCUMENTATION_COMMENTS = YES;
				CLANG_WARN_OBJC_IMPLICIT_RETAIN_SELF = YES;
				CLANG_WARN_UNGUARDED_AVAILABILITY = YES_AGGRESSIVE;
				CODE_SIGN_STYLE = Manual;
				DEVELOPMENT_TEAM = "";
				GCC_C_LANGUAGE_STANDARD = gnu11;
				INFOPLIST_FILE = XCUITestKit_UITests/Info.plist;
				IPHONEOS_DEPLOYMENT_TARGET = 13.5;
				LD_RUNPATH_SEARCH_PATHS = "$(inherited) @executable_path/Frameworks @loader_path/Frameworks";
				MTL_FAST_MATH = YES;
				PRODUCT_BUNDLE_IDENTIFIER = "com.kinwahlai.XCUITestKit-UITests";
				PRODUCT_NAME = "$(TARGET_NAME)";
				PROVISIONING_PROFILE_SPECIFIER = "";
				"PROVISIONING_PROFILE_SPECIFIER[sdk=macosx*]" = "";
				SWIFT_VERSION = 5.0;
				TARGETED_DEVICE_FAMILY = "1,2";
				TEST_TARGET_NAME = XCUITestKit_Example;
			};
			name = Release;
		};
/* End XCBuildConfiguration section */

/* Begin XCConfigurationList section */
		607FACCB1AFB9204008FA782 /* Build configuration list for PBXProject "XCUITestKit" */ = {
			isa = XCConfigurationList;
			buildConfigurations = (
				607FACED1AFB9204008FA782 /* Debug */,
				607FACEE1AFB9204008FA782 /* Release */,
			);
			defaultConfigurationIsVisible = 0;
			defaultConfigurationName = Release;
		};
		607FACEF1AFB9204008FA782 /* Build configuration list for PBXNativeTarget "XCUITestKit_Example" */ = {
			isa = XCConfigurationList;
			buildConfigurations = (
				607FACF01AFB9204008FA782 /* Debug */,
				607FACF11AFB9204008FA782 /* Release */,
			);
			defaultConfigurationIsVisible = 0;
			defaultConfigurationName = Release;
		};
		66CD87FB24B492D900FDA672 /* Build configuration list for PBXNativeTarget "XCUITestKit_UITests" */ = {
			isa = XCConfigurationList;
			buildConfigurations = (
				66CD87FC24B492D900FDA672 /* Debug */,
				66CD87FD24B492D900FDA672 /* Release */,
			);
			defaultConfigurationIsVisible = 0;
			defaultConfigurationName = Release;
		};
/* End XCConfigurationList section */
	};
	rootObject = 607FACC81AFB9204008FA782 /* Project object */;
}
