PODS:
  - XCUITestKit (0.1.1)
  - XCUITestLiveReset (0.1.1):
    - XCUITestKit (~> 0.1.0)

DEPENDENCIES:
  - XCUITestKit (from `../`)
  - XCUITestLiveReset (from `../`)

EXTERNAL SOURCES:
  XCUITestKit:
    :path: "../"
  XCUITestLiveReset:
    :path: "../"

SPEC CHECKSUMS:
  XCUITestKit: df8e9a806eac753c733c9195e6a42dadd5a5b5fd
  XCUITestLiveReset: 61bf1b5b69b0ce9020dc30018e6bacc8cb851054

PODFILE CHECKSUM: 588dd507bbd140a0accaf7181d83c8ba3983589a

COCOAPODS: 1.9.3
