PODS:
  - Nimble (7.3.4)
  - Quick (1.2.0)
  - XCUITestKit (0.1.0)

DEPENDENCIES:
  - Nimble (~> 7.0)
  - Quick (~> 1.2.0)
  - XCUITestKit (from `../`)

SPEC REPOS:
  trunk:
    - Nimble
    - Quick

EXTERNAL SOURCES:
  XCUITestKit:
    :path: "../"

SPEC CHECKSUMS:
  Nimble: 051e3d8912d40138fa5591c78594f95fb172af37
  Quick: 58d203b1c5e27fff7229c4c1ae445ad7069a7a08
  XCUITestKit: c312be1934d275f904ff9dff3b85379da2ce4845

PODFILE CHECKSUM: 03c4b4c127afb10515d098415f282a715d276463

COCOAPODS: 1.9.3
